// !$*UTF8*$!
{
	archiveVersion = 1;
	classes = {
	};
	objectVersion = 46;
	objects = {

/* Begin PBXBuildFile section */
		4D0B98871C0532580078E483 /* main.m in Sources */ = {isa = PBXBuildFile; fileRef = 4D0B98861C0532580078E483 /* main.m */; };
		4D0B988A1C0532580078E483 /* AppDelegate.m in Sources */ = {isa = PBXBuildFile; fileRef = 4D0B98891C0532580078E483 /* AppDelegate.m */; };
		4D0B988D1C0532580078E483 /* ViewController.m in Sources */ = {isa = PBXBuildFile; fileRef = 4D0B988C1C0532580078E483 /* ViewController.m */; };
		4D0B98901C0532580078E483 /* Main.storyboard in Resources */ = {isa = PBXBuildFile; fileRef = 4D0B988E1C0532580078E483 /* Main.storyboard */; };
		4D0B98931C0532580078E483 /* MyClassroom.xcdatamodeld in Sources */ = {isa = PBXBuildFile; fileRef = 4D0B98911C0532580078E483 /* MyClassroom.xcdatamodeld */; };
		4D0B98951C0532580078E483 /* Assets.xcassets in Resources */ = {isa = PBXBuildFile; fileRef = 4D0B98941C0532580078E483 /* Assets.xcassets */; };
		4D0B98981C0532580078E483 /* LaunchScreen.storyboard in Resources */ = {isa = PBXBuildFile; fileRef = 4D0B98961C0532580078E483 /* LaunchScreen.storyboard */; };
		4D0B98A31C0532580078E483 /* MyClassroomUITests.m in Sources */ = {isa = PBXBuildFile; fileRef = 4D0B98A21C0532580078E483 /* MyClassroomUITests.m */; };
		4D6E2CC01C16A11C0019BE51 /* MapViewController.m in Sources */ = {isa = PBXBuildFile; fileRef = 4D6E2CBF1C16A11C0019BE51 /* MapViewController.m */; };
		4D6E2CC31C16A40D0019BE51 /* RoomListViewController.m in Sources */ = {isa = PBXBuildFile; fileRef = 4D6E2CC21C16A40D0019BE51 /* RoomListViewController.m */; };
		4D9429AA1C0A32B100DA5DE3 /* MapKit.framework in Frameworks */ = {isa = PBXBuildFile; fileRef = 4D9429A91C0A32B100DA5DE3 /* MapKit.framework */; };
		4DDBBCB51C17D57B00AEAA06 /* ColoredMap.png in Resources */ = {isa = PBXBuildFile; fileRef = 4DDBBCB41C17D57B00AEAA06 /* ColoredMap.png */; };
		4DDBBCB81C17DF2700AEAA06 /* NavMapViewController.m in Sources */ = {isa = PBXBuildFile; fileRef = 4DDBBCB71C17DF2700AEAA06 /* NavMapViewController.m */; };
		4DE5A3251C19C17C00BAE5A0 /* MapNavViewController.m in Sources */ = {isa = PBXBuildFile; fileRef = 4DE5A3241C19C17C00BAE5A0 /* MapNavViewController.m */; };
		6F85509C1C14DC6600457B02 /* SchoolWebViewViewController.m in Sources */ = {isa = PBXBuildFile; fileRef = 6F85509B1C14DC6600457B02 /* SchoolWebViewViewController.m */; };
		6F8F47E01C165689008D39EB /* paper-plane-7.png in Resources */ = {isa = PBXBuildFile; fileRef = 6F8F47DF1C165689008D39EB /* paper-plane-7.png */; };
		6F8F47E21C1656CA008D39EB /* book-cover-tick-7.png in Resources */ = {isa = PBXBuildFile; fileRef = 6F8F47E11C1656CA008D39EB /* book-cover-tick-7.png */; };
		6F8F47E51C165C2E008D39EB /* VJTabBarController.m in Sources */ = {isa = PBXBuildFile; fileRef = 6F8F47E41C165C2E008D39EB /* VJTabBarController.m */; };
		6FF6A1A91C1750A6003F92EA /* ColoredMap1.jpg in Resources */ = {isa = PBXBuildFile; fileRef = 6FF6A1A71C1750A6003F92EA /* ColoredMap1.jpg */; };
		6FF6A1AA1C1750A6003F92EA /* Map.jpg in Resources */ = {isa = PBXBuildFile; fileRef = 6FF6A1A81C1750A6003F92EA /* Map.jpg */; };
		F412380D1C152D020040C85A /* DetailViewController.m in Sources */ = {isa = PBXBuildFile; fileRef = F412380C1C152D020040C85A /* DetailViewController.m */; };
		F41238101C152D610040C85A /* FirstViewController.m in Sources */ = {isa = PBXBuildFile; fileRef = F412380F1C152D610040C85A /* FirstViewController.m */; };
		F41238131C152D9B0040C85A /* MasterViewController.m in Sources */ = {isa = PBXBuildFile; fileRef = F41238121C152D9B0040C85A /* MasterViewController.m */; };
		F41238161C152E110040C85A /* VJSplitViewController.m in Sources */ = {isa = PBXBuildFile; fileRef = F41238151C152E110040C85A /* VJSplitViewController.m */; };
		F41238181C1530C80040C85A /* information-icon-md.png in Resources */ = {isa = PBXBuildFile; fileRef = F41238171C1530C80040C85A /* information-icon-md.png */; };
/* End PBXBuildFile section */

/* Begin PBXContainerItemProxy section */
		4D0B989F1C0532580078E483 /* PBXContainerItemProxy */ = {
			isa = PBXContainerItemProxy;
			containerPortal = 4D0B987A1C0532580078E483 /* Project object */;
			proxyType = 1;
			remoteGlobalIDString = 4D0B98811C0532580078E483;
			remoteInfo = MyClassroom;
		};
/* End PBXContainerItemProxy section */

/* Begin PBXFileReference section */
		4D0B98821C0532580078E483 /* MyClassroom.app */ = {isa = PBXFileReference; explicitFileType = wrapper.application; includeInIndex = 0; path = MyClassroom.app; sourceTree = BUILT_PRODUCTS_DIR; };
		4D0B98861C0532580078E483 /* main.m */ = {isa = PBXFileReference; lastKnownFileType = sourcecode.c.objc; path = main.m; sourceTree = "<group>"; };
		4D0B98881C0532580078E483 /* AppDelegate.h */ = {isa = PBXFileReference; lastKnownFileType = sourcecode.c.h; path = AppDelegate.h; sourceTree = "<group>"; };
		4D0B98891C0532580078E483 /* AppDelegate.m */ = {isa = PBXFileReference; lastKnownFileType = sourcecode.c.objc; path = AppDelegate.m; sourceTree = "<group>"; };
		4D0B988B1C0532580078E483 /* ViewController.h */ = {isa = PBXFileReference; lastKnownFileType = sourcecode.c.h; path = ViewController.h; sourceTree = "<group>"; };
		4D0B988C1C0532580078E483 /* ViewController.m */ = {isa = PBXFileReference; lastKnownFileType = sourcecode.c.objc; path = ViewController.m; sourceTree = "<group>"; };
		4D0B988F1C0532580078E483 /* Base */ = {isa = PBXFileReference; lastKnownFileType = file.storyboard; name = Base; path = Base.lproj/Main.storyboard; sourceTree = "<group>"; };
		4D0B98921C0532580078E483 /* MyClassroom.xcdatamodel */ = {isa = PBXFileReference; lastKnownFileType = wrapper.xcdatamodel; path = MyClassroom.xcdatamodel; sourceTree = "<group>"; };
		4D0B98941C0532580078E483 /* Assets.xcassets */ = {isa = PBXFileReference; lastKnownFileType = folder.assetcatalog; path = Assets.xcassets; sourceTree = "<group>"; };
		4D0B98971C0532580078E483 /* Base */ = {isa = PBXFileReference; lastKnownFileType = file.storyboard; name = Base; path = Base.lproj/LaunchScreen.storyboard; sourceTree = "<group>"; };
		4D0B98991C0532580078E483 /* Info.plist */ = {isa = PBXFileReference; lastKnownFileType = text.plist.xml; path = Info.plist; sourceTree = "<group>"; };
		4D0B989E1C0532580078E483 /* MyClassroomUITests.xctest */ = {isa = PBXFileReference; explicitFileType = wrapper.cfbundle; includeInIndex = 0; path = MyClassroomUITests.xctest; sourceTree = BUILT_PRODUCTS_DIR; };
		4D0B98A21C0532580078E483 /* MyClassroomUITests.m */ = {isa = PBXFileReference; lastKnownFileType = sourcecode.c.objc; path = MyClassroomUITests.m; sourceTree = "<group>"; };
		4D0B98A41C0532580078E483 /* Info.plist */ = {isa = PBXFileReference; lastKnownFileType = text.plist.xml; path = Info.plist; sourceTree = "<group>"; };
		4D6E2CBE1C16A11C0019BE51 /* MapViewController.h */ = {isa = PBXFileReference; fileEncoding = 4; lastKnownFileType = sourcecode.c.h; path = MapViewController.h; sourceTree = "<group>"; };
		4D6E2CBF1C16A11C0019BE51 /* MapViewController.m */ = {isa = PBXFileReference; fileEncoding = 4; lastKnownFileType = sourcecode.c.objc; path = MapViewController.m; sourceTree = "<group>"; };
		4D6E2CC11C16A40D0019BE51 /* RoomListViewController.h */ = {isa = PBXFileReference; fileEncoding = 4; lastKnownFileType = sourcecode.c.h; path = RoomListViewController.h; sourceTree = "<group>"; };
		4D6E2CC21C16A40D0019BE51 /* RoomListViewController.m */ = {isa = PBXFileReference; fileEncoding = 4; lastKnownFileType = sourcecode.c.objc; path = RoomListViewController.m; sourceTree = "<group>"; };
		4D9429A91C0A32B100DA5DE3 /* MapKit.framework */ = {isa = PBXFileReference; lastKnownFileType = wrapper.framework; name = MapKit.framework; path = System/Library/Frameworks/MapKit.framework; sourceTree = SDKROOT; };
		4DDBBCB41C17D57B00AEAA06 /* ColoredMap.png */ = {isa = PBXFileReference; lastKnownFileType = image.png; path = ColoredMap.png; sourceTree = "<group>"; };
		4DDBBCB61C17DF2700AEAA06 /* NavMapViewController.h */ = {isa = PBXFileReference; fileEncoding = 4; lastKnownFileType = sourcecode.c.h; path = NavMapViewController.h; sourceTree = "<group>"; };
		4DDBBCB71C17DF2700AEAA06 /* NavMapViewController.m */ = {isa = PBXFileReference; fileEncoding = 4; lastKnownFileType = sourcecode.c.objc; path = NavMapViewController.m; sourceTree = "<group>"; };
		4DE5A3231C19C17C00BAE5A0 /* MapNavViewController.h */ = {isa = PBXFileReference; fileEncoding = 4; lastKnownFileType = sourcecode.c.h; path = MapNavViewController.h; sourceTree = "<group>"; };
		4DE5A3241C19C17C00BAE5A0 /* MapNavViewController.m */ = {isa = PBXFileReference; fileEncoding = 4; lastKnownFileType = sourcecode.c.objc; path = MapNavViewController.m; sourceTree = "<group>"; };
		6F85509A1C14DC6600457B02 /* SchoolWebViewViewController.h */ = {isa = PBXFileReference; fileEncoding = 4; lastKnownFileType = sourcecode.c.h; path = SchoolWebViewViewController.h; sourceTree = "<group>"; };
		6F85509B1C14DC6600457B02 /* SchoolWebViewViewController.m */ = {isa = PBXFileReference; fileEncoding = 4; lastKnownFileType = sourcecode.c.objc; path = SchoolWebViewViewController.m; sourceTree = "<group>"; };
		6F8F47DF1C165689008D39EB /* paper-plane-7.png */ = {isa = PBXFileReference; lastKnownFileType = image.png; path = "paper-plane-7.png"; sourceTree = "<group>"; };
		6F8F47E11C1656CA008D39EB /* book-cover-tick-7.png */ = {isa = PBXFileReference; lastKnownFileType = image.png; path = "book-cover-tick-7.png"; sourceTree = "<group>"; };
		6F8F47E31C165C2E008D39EB /* VJTabBarController.h */ = {isa = PBXFileReference; fileEncoding = 4; lastKnownFileType = sourcecode.c.h; path = VJTabBarController.h; sourceTree = "<group>"; };
		6F8F47E41C165C2E008D39EB /* VJTabBarController.m */ = {isa = PBXFileReference; fileEncoding = 4; lastKnownFileType = sourcecode.c.objc; path = VJTabBarController.m; sourceTree = "<group>"; };
		6FF6A1A71C1750A6003F92EA /* ColoredMap1.jpg */ = {isa = PBXFileReference; lastKnownFileType = image.jpeg; path = ColoredMap1.jpg; sourceTree = "<group>"; };
		6FF6A1A81C1750A6003F92EA /* Map.jpg */ = {isa = PBXFileReference; lastKnownFileType = image.jpeg; path = Map.jpg; sourceTree = "<group>"; };
		F412380B1C152D020040C85A /* DetailViewController.h */ = {isa = PBXFileReference; fileEncoding = 4; lastKnownFileType = sourcecode.c.h; path = DetailViewController.h; sourceTree = "<group>"; };
		F412380C1C152D020040C85A /* DetailViewController.m */ = {isa = PBXFileReference; fileEncoding = 4; lastKnownFileType = sourcecode.c.objc; path = DetailViewController.m; sourceTree = "<group>"; };
		F412380E1C152D610040C85A /* FirstViewController.h */ = {isa = PBXFileReference; fileEncoding = 4; lastKnownFileType = sourcecode.c.h; path = FirstViewController.h; sourceTree = "<group>"; };
		F412380F1C152D610040C85A /* FirstViewController.m */ = {isa = PBXFileReference; fileEncoding = 4; lastKnownFileType = sourcecode.c.objc; path = FirstViewController.m; sourceTree = "<group>"; };
		F41238111C152D9B0040C85A /* MasterViewController.h */ = {isa = PBXFileReference; fileEncoding = 4; lastKnownFileType = sourcecode.c.h; path = MasterViewController.h; sourceTree = "<group>"; };
		F41238121C152D9B0040C85A /* MasterViewController.m */ = {isa = PBXFileReference; fileEncoding = 4; lastKnownFileType = sourcecode.c.objc; path = MasterViewController.m; sourceTree = "<group>"; };
		F41238141C152E110040C85A /* VJSplitViewController.h */ = {isa = PBXFileReference; fileEncoding = 4; lastKnownFileType = sourcecode.c.h; path = VJSplitViewController.h; sourceTree = "<group>"; };
		F41238151C152E110040C85A /* VJSplitViewController.m */ = {isa = PBXFileReference; fileEncoding = 4; lastKnownFileType = sourcecode.c.objc; path = VJSplitViewController.m; sourceTree = "<group>"; };
		F41238171C1530C80040C85A /* information-icon-md.png */ = {isa = PBXFileReference; lastKnownFileType = image.png; path = "information-icon-md.png"; sourceTree = "<group>"; };
/* End PBXFileReference section */

/* Begin PBXFrameworksBuildPhase section */
		4D0B987F1C0532580078E483 /* Frameworks */ = {
			isa = PBXFrameworksBuildPhase;
			buildActionMask = 2147483647;
			files = (
				4D9429AA1C0A32B100DA5DE3 /* MapKit.framework in Frameworks */,
			);
			runOnlyForDeploymentPostprocessing = 0;
		};
		4D0B989B1C0532580078E483 /* Frameworks */ = {
			isa = PBXFrameworksBuildPhase;
			buildActionMask = 2147483647;
			files = (
			);
			runOnlyForDeploymentPostprocessing = 0;
		};
/* End PBXFrameworksBuildPhase section */

/* Begin PBXGroup section */
		4D0B98791C0532580078E483 = {
			isa = PBXGroup;
			children = (
				4D6E2CC11C16A40D0019BE51 /* RoomListViewController.h */,
				4D6E2CC21C16A40D0019BE51 /* RoomListViewController.m */,
				4D6E2CBE1C16A11C0019BE51 /* MapViewController.h */,
				4D6E2CBF1C16A11C0019BE51 /* MapViewController.m */,
				F41238141C152E110040C85A /* VJSplitViewController.h */,
				F41238151C152E110040C85A /* VJSplitViewController.m */,
				F41238111C152D9B0040C85A /* MasterViewController.h */,
				F41238121C152D9B0040C85A /* MasterViewController.m */,
				F412380B1C152D020040C85A /* DetailViewController.h */,
				F412380C1C152D020040C85A /* DetailViewController.m */,
				F412380E1C152D610040C85A /* FirstViewController.h */,
				F412380F1C152D610040C85A /* FirstViewController.m */,
				6F85509A1C14DC6600457B02 /* SchoolWebViewViewController.h */,
				6F85509B1C14DC6600457B02 /* SchoolWebViewViewController.m */,
				6F8F47E31C165C2E008D39EB /* VJTabBarController.h */,
				6F8F47E41C165C2E008D39EB /* VJTabBarController.m */,
				4DDBBCB61C17DF2700AEAA06 /* NavMapViewController.h */,
				4DDBBCB71C17DF2700AEAA06 /* NavMapViewController.m */,
				4DE5A3231C19C17C00BAE5A0 /* MapNavViewController.h */,
				4DE5A3241C19C17C00BAE5A0 /* MapNavViewController.m */,
				4D9429A91C0A32B100DA5DE3 /* MapKit.framework */,
				4D0B98841C0532580078E483 /* MyClassroom */,
				4D0B98A11C0532580078E483 /* MyClassroomUITests */,
				4D0B98831C0532580078E483 /* Products */,
			);
			sourceTree = "<group>";
		};
		4D0B98831C0532580078E483 /* Products */ = {
			isa = PBXGroup;
			children = (
				4D0B98821C0532580078E483 /* MyClassroom.app */,
				4D0B989E1C0532580078E483 /* MyClassroomUITests.xctest */,
			);
			name = Products;
			sourceTree = "<group>";
		};
		4D0B98841C0532580078E483 /* MyClassroom */ = {
			isa = PBXGroup;
			children = (
				4D0B98881C0532580078E483 /* AppDelegate.h */,
				4D0B98891C0532580078E483 /* AppDelegate.m */,
				4D0B988B1C0532580078E483 /* ViewController.h */,
				4D0B988C1C0532580078E483 /* ViewController.m */,
				4DDBBCB41C17D57B00AEAA06 /* ColoredMap.png */,
				4D0B988E1C0532580078E483 /* Main.storyboard */,
				6F8F47E11C1656CA008D39EB /* book-cover-tick-7.png */,
				6F8F47DF1C165689008D39EB /* paper-plane-7.png */,
				F41238171C1530C80040C85A /* information-icon-md.png */,
				6FF6A1A71C1750A6003F92EA /* ColoredMap1.jpg */,
				6FF6A1A81C1750A6003F92EA /* Map.jpg */,
				4D0B98941C0532580078E483 /* Assets.xcassets */,
				4D0B98961C0532580078E483 /* LaunchScreen.storyboard */,
				4D0B98991C0532580078E483 /* Info.plist */,
				4D0B98911C0532580078E483 /* MyClassroom.xcdatamodeld */,
				4D0B98851C0532580078E483 /* Supporting Files */,
			);
			path = MyClassroom;
			sourceTree = "<group>";
		};
		4D0B98851C0532580078E483 /* Supporting Files */ = {
			isa = PBXGroup;
			children = (
				4D0B98861C0532580078E483 /* main.m */,
			);
			name = "Supporting Files";
			sourceTree = "<group>";
		};
		4D0B98A11C0532580078E483 /* MyClassroomUITests */ = {
			isa = PBXGroup;
			children = (
				4D0B98A21C0532580078E483 /* MyClassroomUITests.m */,
				4D0B98A41C0532580078E483 /* Info.plist */,
			);
			path = MyClassroomUITests;
			sourceTree = "<group>";
		};
/* End PBXGroup section */

/* Begin PBXNativeTarget section */
		4D0B98811C0532580078E483 /* MyClassroom */ = {
			isa = PBXNativeTarget;
			buildConfigurationList = 4D0B98A71C0532580078E483 /* Build configuration list for PBXNativeTarget "MyClassroom" */;
			buildPhases = (
				4D0B987E1C0532580078E483 /* Sources */,
				4D0B987F1C0532580078E483 /* Frameworks */,
				4D0B98801C0532580078E483 /* Resources */,
			);
			buildRules = (
			);
			dependencies = (
			);
			name = MyClassroom;
			productName = MyClassroom;
			productReference = 4D0B98821C0532580078E483 /* MyClassroom.app */;
			productType = "com.apple.product-type.application";
		};
		4D0B989D1C0532580078E483 /* MyClassroomUITests */ = {
			isa = PBXNativeTarget;
			buildConfigurationList = 4D0B98AA1C0532580078E483 /* Build configuration list for PBXNativeTarget "MyClassroomUITests" */;
			buildPhases = (
				4D0B989A1C0532580078E483 /* Sources */,
				4D0B989B1C0532580078E483 /* Frameworks */,
				4D0B989C1C0532580078E483 /* Resources */,
			);
			buildRules = (
			);
			dependencies = (
				4D0B98A01C0532580078E483 /* PBXTargetDependency */,
			);
			name = MyClassroomUITests;
			productName = MyClassroomUITests;
			productReference = 4D0B989E1C0532580078E483 /* MyClassroomUITests.xctest */;
			productType = "com.apple.product-type.bundle.ui-testing";
		};
/* End PBXNativeTarget section */

/* Begin PBXProject section */
		4D0B987A1C0532580078E483 /* Project object */ = {
			isa = PBXProject;
			attributes = {
				LastUpgradeCheck = 0710;
				ORGANIZATIONNAME = "Gannon University";
				TargetAttributes = {
					4D0B98811C0532580078E483 = {
						CreatedOnToolsVersion = 7.1.1;
						DevelopmentTeam = YB63A2CSF6;
						SystemCapabilities = {
							com.apple.Maps.iOS = {
								enabled = 1;
							};
						};
					};
					4D0B989D1C0532580078E483 = {
						CreatedOnToolsVersion = 7.1.1;
						DevelopmentTeam = YB63A2CSF6;
						TestTargetID = 4D0B98811C0532580078E483;
					};
				};
			};
			buildConfigurationList = 4D0B987D1C0532580078E483 /* Build configuration list for PBXProject "MyClassroom" */;
			compatibilityVersion = "Xcode 3.2";
			developmentRegion = English;
			hasScannedForEncodings = 0;
			knownRegions = (
				en,
				Base,
			);
			mainGroup = 4D0B98791C0532580078E483;
			productRefGroup = 4D0B98831C0532580078E483 /* Products */;
			projectDirPath = "";
			projectRoot = "";
			targets = (
				4D0B98811C0532580078E483 /* MyClassroom */,
				4D0B989D1C0532580078E483 /* MyClassroomUITests */,
			);
		};
/* End PBXProject section */

/* Begin PBXResourcesBuildPhase section */
		4D0B98801C0532580078E483 /* Resources */ = {
			isa = PBXResourcesBuildPhase;
			buildActionMask = 2147483647;
			files = (
				F41238181C1530C80040C85A /* information-icon-md.png in Resources */,
				4D0B98981C0532580078E483 /* LaunchScreen.storyboard in Resources */,
				6FF6A1A91C1750A6003F92EA /* ColoredMap1.jpg in Resources */,
				4D0B98951C0532580078E483 /* Assets.xcassets in Resources */,
				6FF6A1AA1C1750A6003F92EA /* Map.jpg in Resources */,
				6F8F47E21C1656CA008D39EB /* book-cover-tick-7.png in Resources */,
				6F8F47E01C165689008D39EB /* paper-plane-7.png in Resources */,
				4D0B98901C0532580078E483 /* Main.storyboard in Resources */,
				4DDBBCB51C17D57B00AEAA06 /* ColoredMap.png in Resources */,
			);
			runOnlyForDeploymentPostprocessing = 0;
		};
		4D0B989C1C0532580078E483 /* Resources */ = {
			isa = PBXResourcesBuildPhase;
			buildActionMask = 2147483647;
			files = (
			);
			runOnlyForDeploymentPostprocessing = 0;
		};
/* End PBXResourcesBuildPhase section */

/* Begin PBXSourcesBuildPhase section */
		4D0B987E1C0532580078E483 /* Sources */ = {
			isa = PBXSourcesBuildPhase;
			buildActionMask = 2147483647;
			files = (
				4D0B988D1C0532580078E483 /* ViewController.m in Sources */,
				4DE5A3251C19C17C00BAE5A0 /* MapNavViewController.m in Sources */,
				4D0B98931C0532580078E483 /* MyClassroom.xcdatamodeld in Sources */,
				F41238101C152D610040C85A /* FirstViewController.m in Sources */,
				F41238161C152E110040C85A /* VJSplitViewController.m in Sources */,
				4DDBBCB81C17DF2700AEAA06 /* NavMapViewController.m in Sources */,
				4D0B988A1C0532580078E483 /* AppDelegate.m in Sources */,
				F41238131C152D9B0040C85A /* MasterViewController.m in Sources */,
				6F85509C1C14DC6600457B02 /* SchoolWebViewViewController.m in Sources */,
				4D6E2CC31C16A40D0019BE51 /* RoomListViewController.m in Sources */,
				4D0B98871C0532580078E483 /* main.m in Sources */,
				F412380D1C152D020040C85A /* DetailViewController.m in Sources */,
				6F8F47E51C165C2E008D39EB /* VJTabBarController.m in Sources */,
				4D6E2CC01C16A11C0019BE51 /* MapViewController.m in Sources */,
			);
			runOnlyForDeploymentPostprocessing = 0;
		};
		4D0B989A1C0532580078E483 /* Sources */ = {
			isa = PBXSourcesBuildPhase;
			buildActionMask = 2147483647;
			files = (
				4D0B98A31C0532580078E483 /* MyClassroomUITests.m in Sources */,
			);
			runOnlyForDeploymentPostprocessing = 0;
		};
/* End PBXSourcesBuildPhase section */

/* Begin PBXTargetDependency section */
		4D0B98A01C0532580078E483 /* PBXTargetDependency */ = {
			isa = PBXTargetDependency;
			target = 4D0B98811C0532580078E483 /* MyClassroom */;
			targetProxy = 4D0B989F1C0532580078E483 /* PBXContainerItemProxy */;
		};
/* End PBXTargetDependency section */

/* Begin PBXVariantGroup section */
		4D0B988E1C0532580078E483 /* Main.storyboard */ = {
			isa = PBXVariantGroup;
			children = (
				4D0B988F1C0532580078E483 /* Base */,
			);
			name = Main.storyboard;
			sourceTree = "<group>";
		};
		4D0B98961C0532580078E483 /* LaunchScreen.storyboard */ = {
			isa = PBXVariantGroup;
			children = (
				4D0B98971C0532580078E483 /* Base */,
			);
			name = LaunchScreen.storyboard;
			sourceTree = "<group>";
		};
/* End PBXVariantGroup section */

/* Begin XCBuildConfiguration section */
		4D0B98A51C0532580078E483 /* Debug */ = {
			isa = XCBuildConfiguration;
			buildSettings = {
				ALWAYS_SEARCH_USER_PATHS = NO;
				CLANG_CXX_LANGUAGE_STANDARD = "gnu++0x";
				CLANG_CXX_LIBRARY = "libc++";
				CLANG_ENABLE_MODULES = YES;
				CLANG_ENABLE_OBJC_ARC = YES;
				CLANG_WARN_BOOL_CONVERSION = YES;
				CLANG_WARN_CONSTANT_CONVERSION = YES;
				CLANG_WARN_DIRECT_OBJC_ISA_USAGE = YES_ERROR;
				CLANG_WARN_EMPTY_BODY = YES;
				CLANG_WARN_ENUM_CONVERSION = YES;
				CLANG_WARN_INT_CONVERSION = YES;
				CLANG_WARN_OBJC_ROOT_CLASS = YES_ERROR;
				CLANG_WARN_UNREACHABLE_CODE = YES;
				CLANG_WARN__DUPLICATE_METHOD_MATCH = YES;
				"CODE_SIGN_IDENTITY[sdk=iphoneos*]" = "iPhone Developer";
				COPY_PHASE_STRIP = NO;
				DEBUG_INFORMATION_FORMAT = dwarf;
				ENABLE_STRICT_OBJC_MSGSEND = YES;
				ENABLE_TESTABILITY = YES;
				GCC_C_LANGUAGE_STANDARD = gnu99;
				GCC_DYNAMIC_NO_PIC = NO;
				GCC_NO_COMMON_BLOCKS = YES;
				GCC_OPTIMIZATION_LEVEL = 0;
				GCC_PREPROCESSOR_DEFINITIONS = (
					"DEBUG=1",
					"$(inherited)",
				);
				GCC_WARN_64_TO_32_BIT_CONVERSION = YES;
				GCC_WARN_ABOUT_RETURN_TYPE = YES_ERROR;
				GCC_WARN_UNDECLARED_SELECTOR = YES;
				GCC_WARN_UNINITIALIZED_AUTOS = YES_AGGRESSIVE;
				GCC_WARN_UNUSED_FUNCTION = YES;
				GCC_WARN_UNUSED_VARIABLE = YES;
				IPHONEOS_DEPLOYMENT_TARGET = 9.1;
				MTL_ENABLE_DEBUG_INFO = YES;
				ONLY_ACTIVE_ARCH = YES;
				SDKROOT = iphoneos;
				TARGETED_DEVICE_FAMILY = 2;
			};
			name = Debug;
		};
		4D0B98A61C0532580078E483 /* Release */ = {
			isa = XCBuildConfiguration;
			buildSettings = {
				ALWAYS_SEARCH_USER_PATHS = NO;
				CLANG_CXX_LANGUAGE_STANDARD = "gnu++0x";
				CLANG_CXX_LIBRARY = "libc++";
				CLANG_ENABLE_MODULES = YES;
				CLANG_ENABLE_OBJC_ARC = YES;
				CLANG_WARN_BOOL_CONVERSION = YES;
				CLANG_WARN_CONSTANT_CONVERSION = YES;
				CLANG_WARN_DIRECT_OBJC_ISA_USAGE = YES_ERROR;
				CLANG_WARN_EMPTY_BODY = YES;
				CLANG_WARN_ENUM_CONVERSION = YES;
				CLANG_WARN_INT_CONVERSION = YES;
				CLANG_WARN_OBJC_ROOT_CLASS = YES_ERROR;
				CLANG_WARN_UNREACHABLE_CODE = YES;
				CLANG_WARN__DUPLICATE_METHOD_MATCH = YES;
				"CODE_SIGN_IDENTITY[sdk=iphoneos*]" = "iPhone Developer";
				COPY_PHASE_STRIP = NO;
				DEBUG_INFORMATION_FORMAT = "dwarf-with-dsym";
				ENABLE_NS_ASSERTIONS = NO;
				ENABLE_STRICT_OBJC_MSGSEND = YES;
				GCC_C_LANGUAGE_STANDARD = gnu99;
				GCC_NO_COMMON_BLOCKS = YES;
				GCC_WARN_64_TO_32_BIT_CONVERSION = YES;
				GCC_WARN_ABOUT_RETURN_TYPE = YES_ERROR;
				GCC_WARN_UNDECLARED_SELECTOR = YES;
				GCC_WARN_UNINITIALIZED_AUTOS = YES_AGGRESSIVE;
				GCC_WARN_UNUSED_FUNCTION = YES;
				GCC_WARN_UNUSED_VARIABLE = YES;
				IPHONEOS_DEPLOYMENT_TARGET = 9.1;
				MTL_ENABLE_DEBUG_INFO = NO;
				SDKROOT = iphoneos;
				TARGETED_DEVICE_FAMILY = 2;
				VALIDATE_PRODUCT = YES;
			};
			name = Release;
		};
		4D0B98A81C0532580078E483 /* Debug */ = {
			isa = XCBuildConfiguration;
			buildSettings = {
				ASSETCATALOG_COMPILER_APPICON_NAME = AppIcon;
				INFOPLIST_FILE = MyClassroom/Info.plist;
				IPHONEOS_DEPLOYMENT_TARGET = 9.0;
				LD_RUNPATH_SEARCH_PATHS = "$(inherited) @executable_path/Frameworks";
				PRODUCT_BUNDLE_IDENTIFIER = HAlmushaigh.MyClassroom;
				PRODUCT_NAME = "$(TARGET_NAME)";
			};
			name = Debug;
		};
		4D0B98A91C0532580078E483 /* Release */ = {
			isa = XCBuildConfiguration;
			buildSettings = {
				ASSETCATALOG_COMPILER_APPICON_NAME = AppIcon;
				INFOPLIST_FILE = MyClassroom/Info.plist;
				IPHONEOS_DEPLOYMENT_TARGET = 9.0;
				LD_RUNPATH_SEARCH_PATHS = "$(inherited) @executable_path/Frameworks";
				PRODUCT_BUNDLE_IDENTIFIER = HAlmushaigh.MyClassroom;
				PRODUCT_NAME = "$(TARGET_NAME)";
			};
			name = Release;
		};
		4D0B98AB1C0532580078E483 /* Debug */ = {
			isa = XCBuildConfiguration;
			buildSettings = {
				INFOPLIST_FILE = MyClassroomUITests/Info.plist;
				IPHONEOS_DEPLOYMENT_TARGET = 9.0;
				LD_RUNPATH_SEARCH_PATHS = "$(inherited) @executable_path/Frameworks @loader_path/Frameworks";
				PRODUCT_BUNDLE_IDENTIFIER = HAlmushaigh.MyClassroomUITests;
				PRODUCT_NAME = "$(TARGET_NAME)";
				TEST_TARGET_NAME = MyClassroom;
				USES_XCTRUNNER = YES;
			};
			name = Debug;
		};
		4D0B98AC1C0532580078E483 /* Release */ = {
			isa = XCBuildConfiguration;
			buildSettings = {
				INFOPLIST_FILE = MyClassroomUITests/Info.plist;
				IPHONEOS_DEPLOYMENT_TARGET = 9.0;
				LD_RUNPATH_SEARCH_PATHS = "$(inherited) @executable_path/Frameworks @loader_path/Frameworks";
				PRODUCT_BUNDLE_IDENTIFIER = HAlmushaigh.MyClassroomUITests;
				PRODUCT_NAME = "$(TARGET_NAME)";
				TEST_TARGET_NAME = MyClassroom;
				USES_XCTRUNNER = YES;
			};
			name = Release;
		};
/* End XCBuildConfiguration section */

/* Begin XCConfigurationList section */
		4D0B987D1C0532580078E483 /* Build configuration list for PBXProject "MyClassroom" */ = {
			isa = XCConfigurationList;
			buildConfigurations = (
				4D0B98A51C0532580078E483 /* Debug */,
				4D0B98A61C0532580078E483 /* Release */,
			);
			defaultConfigurationIsVisible = 0;
			defaultConfigurationName = Release;
		};
		4D0B98A71C0532580078E483 /* Build configuration list for PBXNativeTarget "MyClassroom" */ = {
			isa = XCConfigurationList;
			buildConfigurations = (
				4D0B98A81C0532580078E483 /* Debug */,
				4D0B98A91C0532580078E483 /* Release */,
			);
			defaultConfigurationIsVisible = 0;
			defaultConfigurationName = Release;
		};
		4D0B98AA1C0532580078E483 /* Build configuration list for PBXNativeTarget "MyClassroomUITests" */ = {
			isa = XCConfigurationList;
			buildConfigurations = (
				4D0B98AB1C0532580078E483 /* Debug */,
				4D0B98AC1C0532580078E483 /* Release */,
			);
			defaultConfigurationIsVisible = 0;
			defaultConfigurationName = Release;
		};
/* End XCConfigurationList section */

/* Begin XCVersionGroup section */
		4D0B98911C0532580078E483 /* MyClassroom.xcdatamodeld */ = {
			isa = XCVersionGroup;
			children = (
				4D0B98921C0532580078E483 /* MyClassroom.xcdatamodel */,
			);
			currentVersion = 4D0B98921C0532580078E483 /* MyClassroom.xcdatamodel */;
			path = MyClassroom.xcdatamodeld;
			sourceTree = "<group>";
			versionGroupType = wrapper.xcdatamodel;
		};
/* End XCVersionGroup section */
	};
	rootObject = 4D0B987A1C0532580078E483 /* Project object */;
}
